// !$*UTF8*$!
{
	archiveVersion = 1;
	classes = {
	};
	objectVersion = 46;
	objects = {

/* Begin PBXBuildFile section */
		372221BF191498AD00F13E90 /* Foundation.framework in Frameworks */ = {isa = PBXBuildFile; fileRef = 372221BE191498AD00F13E90 /* Foundation.framework */; };
		372221C1191498AD00F13E90 /* CoreGraphics.framework in Frameworks */ = {isa = PBXBuildFile; fileRef = 372221C0191498AD00F13E90 /* CoreGraphics.framework */; };
		372221C3191498AD00F13E90 /* UIKit.framework in Frameworks */ = {isa = PBXBuildFile; fileRef = 372221C2191498AD00F13E90 /* UIKit.framework */; };
		372221C9191498AD00F13E90 /* InfoPlist.strings in Resources */ = {isa = PBXBuildFile; fileRef = 372221C7191498AD00F13E90 /* InfoPlist.strings */; };
		372221CB191498AD00F13E90 /* main.m in Sources */ = {isa = PBXBuildFile; fileRef = 372221CA191498AD00F13E90 /* main.m */; };
		372221CF191498AD00F13E90 /* JLWAppDelegate.m in Sources */ = {isa = PBXBuildFile; fileRef = 372221CE191498AD00F13E90 /* JLWAppDelegate.m */; };
		372221D2191498AD00F13E90 /* Main.storyboard in Resources */ = {isa = PBXBuildFile; fileRef = 372221D0191498AD00F13E90 /* Main.storyboard */; };
		372221D5191498AD00F13E90 /* JLWMasterViewController.m in Sources */ = {isa = PBXBuildFile; fileRef = 372221D4191498AD00F13E90 /* JLWMasterViewController.m */; };
		372221D8191498AD00F13E90 /* JLWDetailViewController.m in Sources */ = {isa = PBXBuildFile; fileRef = 372221D7191498AD00F13E90 /* JLWDetailViewController.m */; };
		372221DA191498AE00F13E90 /* Images.xcassets in Resources */ = {isa = PBXBuildFile; fileRef = 372221D9191498AE00F13E90 /* Images.xcassets */; };
		372221E1191498AE00F13E90 /* XCTest.framework in Frameworks */ = {isa = PBXBuildFile; fileRef = 372221E0191498AE00F13E90 /* XCTest.framework */; };
		372221E2191498AE00F13E90 /* Foundation.framework in Frameworks */ = {isa = PBXBuildFile; fileRef = 372221BE191498AD00F13E90 /* Foundation.framework */; };
		372221E3191498AE00F13E90 /* UIKit.framework in Frameworks */ = {isa = PBXBuildFile; fileRef = 372221C2191498AD00F13E90 /* UIKit.framework */; };
		372221EB191498AE00F13E90 /* InfoPlist.strings in Resources */ = {isa = PBXBuildFile; fileRef = 372221E9191498AE00F13E90 /* InfoPlist.strings */; };
		372221ED191498AE00F13E90 /* NoteTakr3Tests.m in Sources */ = {isa = PBXBuildFile; fileRef = 372221EC191498AE00F13E90 /* NoteTakr3Tests.m */; };
/* End PBXBuildFile section */

/* Begin PBXContainerItemProxy section */
		372221E4191498AE00F13E90 /* PBXContainerItemProxy */ = {
			isa = PBXContainerItemProxy;
			containerPortal = 372221B3191498AD00F13E90 /* Project object */;
			proxyType = 1;
			remoteGlobalIDString = 372221BA191498AD00F13E90;
			remoteInfo = NoteTakr3;
		};
/* End PBXContainerItemProxy section */

/* Begin PBXFileReference section */
		372221BB191498AD00F13E90 /* NoteTakr3.app */ = {isa = PBXFileReference; explicitFileType = wrapper.application; includeInIndex = 0; path = NoteTakr3.app; sourceTree = BUILT_PRODUCTS_DIR; };
		372221BE191498AD00F13E90 /* Foundation.framework */ = {isa = PBXFileReference; lastKnownFileType = wrapper.framework; name = Foundation.framework; path = System/Library/Frameworks/Foundation.framework; sourceTree = SDKROOT; };
		372221C0191498AD00F13E90 /* CoreGraphics.framework */ = {isa = PBXFileReference; lastKnownFileType = wrapper.framework; name = CoreGraphics.framework; path = System/Library/Frameworks/CoreGraphics.framework; sourceTree = SDKROOT; };
		372221C2191498AD00F13E90 /* UIKit.framework */ = {isa = PBXFileReference; lastKnownFileType = wrapper.framework; name = UIKit.framework; path = System/Library/Frameworks/UIKit.framework; sourceTree = SDKROOT; };
		372221C6191498AD00F13E90 /* NoteTakr3-Info.plist */ = {isa = PBXFileReference; lastKnownFileType = text.plist.xml; path = "NoteTakr3-Info.plist"; sourceTree = "<group>"; };
		372221C8191498AD00F13E90 /* en */ = {isa = PBXFileReference; lastKnownFileType = text.plist.strings; name = en; path = en.lproj/InfoPlist.strings; sourceTree = "<group>"; };
		372221CA191498AD00F13E90 /* main.m */ = {isa = PBXFileReference; lastKnownFileType = sourcecode.c.objc; path = main.m; sourceTree = "<group>"; };
		372221CC191498AD00F13E90 /* NoteTakr3-Prefix.pch */ = {isa = PBXFileReference; lastKnownFileType = sourcecode.c.h; path = "NoteTakr3-Prefix.pch"; sourceTree = "<group>"; };
		372221CD191498AD00F13E90 /* JLWAppDelegate.h */ = {isa = PBXFileReference; lastKnownFileType = sourcecode.c.h; path = JLWAppDelegate.h; sourceTree = "<group>"; };
		372221CE191498AD00F13E90 /* JLWAppDelegate.m */ = {isa = PBXFileReference; lastKnownFileType = sourcecode.c.objc; path = JLWAppDelegate.m; sourceTree = "<group>"; };
		372221D1191498AD00F13E90 /* Base */ = {isa = PBXFileReference; lastKnownFileType = file.storyboard; name = Base; path = Base.lproj/Main.storyboard; sourceTree = "<group>"; };
		372221D3191498AD00F13E90 /* JLWMasterViewController.h */ = {isa = PBXFileReference; lastKnownFileType = sourcecode.c.h; path = JLWMasterViewController.h; sourceTree = "<group>"; };
		372221D4191498AD00F13E90 /* JLWMasterViewController.m */ = {isa = PBXFileReference; lastKnownFileType = sourcecode.c.objc; path = JLWMasterViewController.m; sourceTree = "<group>"; };
		372221D6191498AD00F13E90 /* JLWDetailViewController.h */ = {isa = PBXFileReference; lastKnownFileType = sourcecode.c.h; path = JLWDetailViewController.h; sourceTree = "<group>"; };
		372221D7191498AD00F13E90 /* JLWDetailViewController.m */ = {isa = PBXFileReference; lastKnownFileType = sourcecode.c.objc; path = JLWDetailViewController.m; sourceTree = "<group>"; };
		372221D9191498AE00F13E90 /* Images.xcassets */ = {isa = PBXFileReference; lastKnownFileType = folder.assetcatalog; path = Images.xcassets; sourceTree = "<group>"; };
		372221DF191498AE00F13E90 /* NoteTakr3Tests.xctest */ = {isa = PBXFileReference; explicitFileType = wrapper.cfbundle; includeInIndex = 0; path = NoteTakr3Tests.xctest; sourceTree = BUILT_PRODUCTS_DIR; };
		372221E0191498AE00F13E90 /* XCTest.framework */ = {isa = PBXFileReference; lastKnownFileType = wrapper.framework; name = XCTest.framework; path = Library/Frameworks/XCTest.framework; sourceTree = DEVELOPER_DIR; };
		372221E8191498AE00F13E90 /* NoteTakr3Tests-Info.plist */ = {isa = PBXFileReference; lastKnownFileType = text.plist.xml; path = "NoteTakr3Tests-Info.plist"; sourceTree = "<group>"; };
		372221EA191498AE00F13E90 /* en */ = {isa = PBXFileReference; lastKnownFileType = text.plist.strings; name = en; path = en.lproj/InfoPlist.strings; sourceTree = "<group>"; };
		372221EC191498AE00F13E90 /* NoteTakr3Tests.m */ = {isa = PBXFileReference; lastKnownFileType = sourcecode.c.objc; path = NoteTakr3Tests.m; sourceTree = "<group>"; };
/* End PBXFileReference section */

/* Begin PBXFrameworksBuildPhase section */
		372221B8191498AD00F13E90 /* Frameworks */ = {
			isa = PBXFrameworksBuildPhase;
			buildActionMask = 2147483647;
			files = (
				372221C1191498AD00F13E90 /* CoreGraphics.framework in Frameworks */,
				372221C3191498AD00F13E90 /* UIKit.framework in Frameworks */,
				372221BF191498AD00F13E90 /* Foundation.framework in Frameworks */,
			);
			runOnlyForDeploymentPostprocessing = 0;
		};
		372221DC191498AE00F13E90 /* Frameworks */ = {
			isa = PBXFrameworksBuildPhase;
			buildActionMask = 2147483647;
			files = (
				372221E1191498AE00F13E90 /* XCTest.framework in Frameworks */,
				372221E3191498AE00F13E90 /* UIKit.framework in Frameworks */,
				372221E2191498AE00F13E90 /* Foundation.framework in Frameworks */,
			);
			runOnlyForDeploymentPostprocessing = 0;
		};
/* End PBXFrameworksBuildPhase section */

/* Begin PBXGroup section */
		372221B2191498AD00F13E90 = {
			isa = PBXGroup;
			children = (
				372221C4191498AD00F13E90 /* NoteTakr3 */,
				372221E6191498AE00F13E90 /* NoteTakr3Tests */,
				372221BD191498AD00F13E90 /* Frameworks */,
				372221BC191498AD00F13E90 /* Products */,
			);
			sourceTree = "<group>";
		};
		372221BC191498AD00F13E90 /* Products */ = {
			isa = PBXGroup;
			children = (
				372221BB191498AD00F13E90 /* NoteTakr3.app */,
				372221DF191498AE00F13E90 /* NoteTakr3Tests.xctest */,
			);
			name = Products;
			sourceTree = "<group>";
		};
		372221BD191498AD00F13E90 /* Frameworks */ = {
			isa = PBXGroup;
			children = (
				372221BE191498AD00F13E90 /* Foundation.framework */,
				372221C0191498AD00F13E90 /* CoreGraphics.framework */,
				372221C2191498AD00F13E90 /* UIKit.framework */,
				372221E0191498AE00F13E90 /* XCTest.framework */,
			);
			name = Frameworks;
			sourceTree = "<group>";
		};
		372221C4191498AD00F13E90 /* NoteTakr3 */ = {
			isa = PBXGroup;
			children = (
				372221CD191498AD00F13E90 /* JLWAppDelegate.h */,
				372221CE191498AD00F13E90 /* JLWAppDelegate.m */,
				372221D0191498AD00F13E90 /* Main.storyboard */,
				372221D3191498AD00F13E90 /* JLWMasterViewController.h */,
				372221D4191498AD00F13E90 /* JLWMasterViewController.m */,
				372221D6191498AD00F13E90 /* JLWDetailViewController.h */,
				372221D7191498AD00F13E90 /* JLWDetailViewController.m */,
				372221D9191498AE00F13E90 /* Images.xcassets */,
				372221C5191498AD00F13E90 /* Supporting Files */,
			);
			path = NoteTakr3;
			sourceTree = "<group>";
		};
		372221C5191498AD00F13E90 /* Supporting Files */ = {
			isa = PBXGroup;
			children = (
				372221C6191498AD00F13E90 /* NoteTakr3-Info.plist */,
				372221C7191498AD00F13E90 /* InfoPlist.strings */,
				372221CA191498AD00F13E90 /* main.m */,
				372221CC191498AD00F13E90 /* NoteTakr3-Prefix.pch */,
			);
			name = "Supporting Files";
			sourceTree = "<group>";
		};
		372221E6191498AE00F13E90 /* NoteTakr3Tests */ = {
			isa = PBXGroup;
			children = (
				372221EC191498AE00F13E90 /* NoteTakr3Tests.m */,
				372221E7191498AE00F13E90 /* Supporting Files */,
			);
			path = NoteTakr3Tests;
			sourceTree = "<group>";
		};
		372221E7191498AE00F13E90 /* Supporting Files */ = {
			isa = PBXGroup;
			children = (
				372221E8191498AE00F13E90 /* NoteTakr3Tests-Info.plist */,
				372221E9191498AE00F13E90 /* InfoPlist.strings */,
			);
			name = "Supporting Files";
			sourceTree = "<group>";
		};
/* End PBXGroup section */

/* Begin PBXNativeTarget section */
		372221BA191498AD00F13E90 /* NoteTakr3 */ = {
			isa = PBXNativeTarget;
			buildConfigurationList = 372221F0191498AE00F13E90 /* Build configuration list for PBXNativeTarget "NoteTakr3" */;
			buildPhases = (
				372221B7191498AD00F13E90 /* Sources */,
				372221B8191498AD00F13E90 /* Frameworks */,
				372221B9191498AD00F13E90 /* Resources */,
			);
			buildRules = (
			);
			dependencies = (
			);
			name = NoteTakr3;
			productName = NoteTakr3;
			productReference = 372221BB191498AD00F13E90 /* NoteTakr3.app */;
			productType = "com.apple.product-type.application";
		};
		372221DE191498AE00F13E90 /* NoteTakr3Tests */ = {
			isa = PBXNativeTarget;
			buildConfigurationList = 372221F3191498AE00F13E90 /* Build configuration list for PBXNativeTarget "NoteTakr3Tests" */;
			buildPhases = (
				372221DB191498AE00F13E90 /* Sources */,
				372221DC191498AE00F13E90 /* Frameworks */,
				372221DD191498AE00F13E90 /* Resources */,
			);
			buildRules = (
			);
			dependencies = (
				372221E5191498AE00F13E90 /* PBXTargetDependency */,
			);
			name = NoteTakr3Tests;
			productName = NoteTakr3Tests;
			productReference = 372221DF191498AE00F13E90 /* NoteTakr3Tests.xctest */;
			productType = "com.apple.product-type.bundle.unit-test";
		};
/* End PBXNativeTarget section */

/* Begin PBXProject section */
		372221B3191498AD00F13E90 /* Project object */ = {
			isa = PBXProject;
			attributes = {
				CLASSPREFIX = JLW;
				LastUpgradeCheck = 0510;
				ORGANIZATIONNAME = JWang;
				TargetAttributes = {
					372221DE191498AE00F13E90 = {
						TestTargetID = 372221BA191498AD00F13E90;
					};
				};
			};
			buildConfigurationList = 372221B6191498AD00F13E90 /* Build configuration list for PBXProject "NoteTakr3" */;
			compatibilityVersion = "Xcode 3.2";
			developmentRegion = English;
			hasScannedForEncodings = 0;
			knownRegions = (
				en,
				Base,
			);
			mainGroup = 372221B2191498AD00F13E90;
			productRefGroup = 372221BC191498AD00F13E90 /* Products */;
			projectDirPath = "";
			projectRoot = "";
			targets = (
				372221BA191498AD00F13E90 /* NoteTakr3 */,
				372221DE191498AE00F13E90 /* NoteTakr3Tests */,
			);
		};
/* End PBXProject section */

/* Begin PBXResourcesBuildPhase section */
		372221B9191498AD00F13E90 /* Resources */ = {
			isa = PBXResourcesBuildPhase;
			buildActionMask = 2147483647;
			files = (
				372221DA191498AE00F13E90 /* Images.xcassets in Resources */,
				372221C9191498AD00F13E90 /* InfoPlist.strings in Resources */,
				372221D2191498AD00F13E90 /* Main.storyboard in Resources */,
			);
			runOnlyForDeploymentPostprocessing = 0;
		};
		372221DD191498AE00F13E90 /* Resources */ = {
			isa = PBXResourcesBuildPhase;
			buildActionMask = 2147483647;
			files = (
				372221EB191498AE00F13E90 /* InfoPlist.strings in Resources */,
			);
			runOnlyForDeploymentPostprocessing = 0;
		};
/* End PBXResourcesBuildPhase section */

/* Begin PBXSourcesBuildPhase section */
		372221B7191498AD00F13E90 /* Sources */ = {
			isa = PBXSourcesBuildPhase;
			buildActionMask = 2147483647;
			files = (
				372221D5191498AD00F13E90 /* JLWMasterViewController.m in Sources */,
				372221CF191498AD00F13E90 /* JLWAppDelegate.m in Sources */,
				372221CB191498AD00F13E90 /* main.m in Sources */,
				372221D8191498AD00F13E90 /* JLWDetailViewController.m in Sources */,
			);
			runOnlyForDeploymentPostprocessing = 0;
		};
		372221DB191498AE00F13E90 /* Sources */ = {
			isa = PBXSourcesBuildPhase;
			buildActionMask = 2147483647;
			files = (
				372221ED191498AE00F13E90 /* NoteTakr3Tests.m in Sources */,
			);
			runOnlyForDeploymentPostprocessing = 0;
		};
/* End PBXSourcesBuildPhase section */

/* Begin PBXTargetDependency section */
		372221E5191498AE00F13E90 /* PBXTargetDependency */ = {
			isa = PBXTargetDependency;
			target = 372221BA191498AD00F13E90 /* NoteTakr3 */;
			targetProxy = 372221E4191498AE00F13E90 /* PBXContainerItemProxy */;
		};
/* End PBXTargetDependency section */

/* Begin PBXVariantGroup section */
		372221C7191498AD00F13E90 /* InfoPlist.strings */ = {
			isa = PBXVariantGroup;
			children = (
				372221C8191498AD00F13E90 /* en */,
			);
			name = InfoPlist.strings;
			sourceTree = "<group>";
		};
		372221D0191498AD00F13E90 /* Main.storyboard */ = {
			isa = PBXVariantGroup;
			children = (
				372221D1191498AD00F13E90 /* Base */,
			);
			name = Main.storyboard;
			sourceTree = "<group>";
		};
		372221E9191498AE00F13E90 /* InfoPlist.strings */ = {
			isa = PBXVariantGroup;
			children = (
				372221EA191498AE00F13E90 /* en */,
			);
			name = InfoPlist.strings;
			sourceTree = "<group>";
		};
/* End PBXVariantGroup section */

/* Begin XCBuildConfiguration section */
		372221EE191498AE00F13E90 /* Debug */ = {
			isa = XCBuildConfiguration;
			buildSettings = {
				ALWAYS_SEARCH_USER_PATHS = NO;
				CLANG_CXX_LANGUAGE_STANDARD = "gnu++0x";
				CLANG_CXX_LIBRARY = "libc++";
				CLANG_ENABLE_MODULES = YES;
				CLANG_ENABLE_OBJC_ARC = YES;
				CLANG_WARN_BOOL_CONVERSION = YES;
				CLANG_WARN_CONSTANT_CONVERSION = YES;
				CLANG_WARN_DIRECT_OBJC_ISA_USAGE = YES_ERROR;
				CLANG_WARN_EMPTY_BODY = YES;
				CLANG_WARN_ENUM_CONVERSION = YES;
				CLANG_WARN_INT_CONVERSION = YES;
				CLANG_WARN_OBJC_ROOT_CLASS = YES_ERROR;
				CLANG_WARN__DUPLICATE_METHOD_MATCH = YES;
				"CODE_SIGN_IDENTITY[sdk=iphoneos*]" = "iPhone Developer";
				COPY_PHASE_STRIP = NO;
				GCC_C_LANGUAGE_STANDARD = gnu99;
				GCC_DYNAMIC_NO_PIC = NO;
				GCC_OPTIMIZATION_LEVEL = 0;
				GCC_PREPROCESSOR_DEFINITIONS = (
					"DEBUG=1",
					"$(inherited)",
				);
				GCC_SYMBOLS_PRIVATE_EXTERN = NO;
				GCC_WARN_64_TO_32_BIT_CONVERSION = YES;
				GCC_WARN_ABOUT_RETURN_TYPE = YES_ERROR;
				GCC_WARN_UNDECLARED_SELECTOR = YES;
				GCC_WARN_UNINITIALIZED_AUTOS = YES_AGGRESSIVE;
				GCC_WARN_UNUSED_FUNCTION = YES;
				GCC_WARN_UNUSED_VARIABLE = YES;
				IPHONEOS_DEPLOYMENT_TARGET = 7.1;
				ONLY_ACTIVE_ARCH = YES;
				SDKROOT = iphoneos;
			};
			name = Debug;
		};
		372221EF191498AE00F13E90 /* Release */ = {
			isa = XCBuildConfiguration;
			buildSettings = {
				ALWAYS_SEARCH_USER_PATHS = NO;
				CLANG_CXX_LANGUAGE_STANDARD = "gnu++0x";
				CLANG_CXX_LIBRARY = "libc++";
				CLANG_ENABLE_MODULES = YES;
				CLANG_ENABLE_OBJC_ARC = YES;
				CLANG_WARN_BOOL_CONVERSION = YES;
				CLANG_WARN_CONSTANT_CONVERSION = YES;
				CLANG_WARN_DIRECT_OBJC_ISA_USAGE = YES_ERROR;
				CLANG_WARN_EMPTY_BODY = YES;
				CLANG_WARN_ENUM_CONVERSION = YES;
				CLANG_WARN_INT_CONVERSION = YES;
				CLANG_WARN_OBJC_ROOT_CLASS = YES_ERROR;
				CLANG_WARN__DUPLICATE_METHOD_MATCH = YES;
				"CODE_SIGN_IDENTITY[sdk=iphoneos*]" = "iPhone Developer";
				COPY_PHASE_STRIP = YES;
				ENABLE_NS_ASSERTIONS = NO;
				GCC_C_LANGUAGE_STANDARD = gnu99;
				GCC_WARN_64_TO_32_BIT_CONVERSION = YES;
				GCC_WARN_ABOUT_RETURN_TYPE = YES_ERROR;
				GCC_WARN_UNDECLARED_SELECTOR = YES;
				GCC_WARN_UNINITIALIZED_AUTOS = YES_AGGRESSIVE;
				GCC_WARN_UNUSED_FUNCTION = YES;
				GCC_WARN_UNUSED_VARIABLE = YES;
				IPHONEOS_DEPLOYMENT_TARGET = 7.1;
				SDKROOT = iphoneos;
				VALIDATE_PRODUCT = YES;
			};
			name = Release;
		};
		372221F1191498AE00F13E90 /* Debug */ = {
			isa = XCBuildConfiguration;
			buildSettings = {
				ASSETCATALOG_COMPILER_APPICON_NAME = AppIcon;
				ASSETCATALOG_COMPILER_LAUNCHIMAGE_NAME = LaunchImage;
				GCC_PRECOMPILE_PREFIX_HEADER = YES;
				GCC_PREFIX_HEADER = "NoteTakr3/NoteTakr3-Prefix.pch";
				INFOPLIST_FILE = "NoteTakr3/NoteTakr3-Info.plist";
				PRODUCT_NAME = "$(TARGET_NAME)";
				WRAPPER_EXTENSION = app;
			};
			name = Debug;
		};
		372221F2191498AE00F13E90 /* Release */ = {
			isa = XCBuildConfiguration;
			buildSettings = {
				ASSETCATALOG_COMPILER_APPICON_NAME = AppIcon;
				ASSETCATALOG_COMPILER_LAUNCHIMAGE_NAME = LaunchImage;
				GCC_PRECOMPILE_PREFIX_HEADER = YES;
				GCC_PREFIX_HEADER = "NoteTakr3/NoteTakr3-Prefix.pch";
				INFOPLIST_FILE = "NoteTakr3/NoteTakr3-Info.plist";
				PRODUCT_NAME = "$(TARGET_NAME)";
				WRAPPER_EXTENSION = app;
			};
			name = Release;
		};
		372221F4191498AE00F13E90 /* Debug */ = {
			isa = XCBuildConfiguration;
			buildSettings = {
				BUNDLE_LOADER = "$(BUILT_PRODUCTS_DIR)/NoteTakr3.app/NoteTakr3";
				FRAMEWORK_SEARCH_PATHS = (
					"$(SDKROOT)/Developer/Library/Frameworks",
					"$(inherited)",
					"$(DEVELOPER_FRAMEWORKS_DIR)",
				);
				GCC_PRECOMPILE_PREFIX_HEADER = YES;
				GCC_PREFIX_HEADER = "NoteTakr3/NoteTakr3-Prefix.pch";
				GCC_PREPROCESSOR_DEFINITIONS = (
					"DEBUG=1",
					"$(inherited)",
				);
				INFOPLIST_FILE = "NoteTakr3Tests/NoteTakr3Tests-Info.plist";
				PRODUCT_NAME = "$(TARGET_NAME)";
				TEST_HOST = "$(BUNDLE_LOADER)";
				WRAPPER_EXTENSION = xctest;
			};
			name = Debug;
		};
		372221F5191498AE00F13E90 /* Release */ = {
			isa = XCBuildConfiguration;
			buildSettings = {
				BUNDLE_LOADER = "$(BUILT_PRODUCTS_DIR)/NoteTakr3.app/NoteTakr3";
				FRAMEWORK_SEARCH_PATHS = (
					"$(SDKROOT)/Developer/Library/Frameworks",
					"$(inherited)",
					"$(DEVELOPER_FRAMEWORKS_DIR)",
				);
				GCC_PRECOMPILE_PREFIX_HEADER = YES;
				GCC_PREFIX_HEADER = "NoteTakr3/NoteTakr3-Prefix.pch";
				INFOPLIST_FILE = "NoteTakr3Tests/NoteTakr3Tests-Info.plist";
				PRODUCT_NAME = "$(TARGET_NAME)";
				TEST_HOST = "$(BUNDLE_LOADER)";
				WRAPPER_EXTENSION = xctest;
			};
			name = Release;
		};
/* End XCBuildConfiguration section */

/* Begin XCConfigurationList section */
		372221B6191498AD00F13E90 /* Build configuration list for PBXProject "NoteTakr3" */ = {
			isa = XCConfigurationList;
			buildConfigurations = (
				372221EE191498AE00F13E90 /* Debug */,
				372221EF191498AE00F13E90 /* Release */,
			);
			defaultConfigurationIsVisible = 0;
			defaultConfigurationName = Release;
		};
		372221F0191498AE00F13E90 /* Build configuration list for PBXNativeTarget "NoteTakr3" */ = {
			isa = XCConfigurationList;
			buildConfigurations = (
				372221F1191498AE00F13E90 /* Debug */,
				372221F2191498AE00F13E90 /* Release */,
			);
			defaultConfigurationIsVisible = 0;
		};
		372221F3191498AE00F13E90 /* Build configuration list for PBXNativeTarget "NoteTakr3Tests" */ = {
			isa = XCConfigurationList;
			buildConfigurations = (
				372221F4191498AE00F13E90 /* Debug */,
				372221F5191498AE00F13E90 /* Release */,
			);
			defaultConfigurationIsVisible = 0;
		};
/* End XCConfigurationList section */
	};
	rootObject = 372221B3191498AD00F13E90 /* Project object */;
}
